
Microsoft Visual Studio Solution File, Format Version 12.00
# Visual Studio Version 17
VisualStudioVersion = 17.11.35431.28
MinimumVisualStudioVersion = 10.0.40219.1
Project("{FAE04EC0-301F-11D3-BF4B-00C04F79EFBC}") = "HomeTask(18.11)", "HomeTask(18.11)\HomeTask(18.11).csproj", "{AA60782B-37A4-41FF-B435-6431A104DFCE}"
EndProject
Global
	GlobalSection(SolutionConfigurationPlatforms) = preSolution
		Debug|Any CPU = Debug|Any CPU
		Release|Any CPU = Release|Any CPU
	EndGlobalSection
	GlobalSection(ProjectConfigurationPlatforms) = postSolution
		{AA60782B-37A4-41FF-B435-6431A104DFCE}.Debug|Any CPU.ActiveCfg = Debug|Any CPU
		{AA60782B-37A4-41FF-B435-6431A104DFCE}.Debug|Any CPU.Build.0 = Debug|Any CPU
		{AA60782B-37A4-41FF-B435-6431A104DFCE}.Release|Any CPU.ActiveCfg = Release|Any CPU
		{AA60782B-37A4-41FF-B435-6431A104DFCE}.Release|Any CPU.Build.0 = Release|Any CPU
	EndGlobalSection
	GlobalSection(SolutionProperties) = preSolution
		HideSolutionNode = FALSE
	EndGlobalSection
	GlobalSection(ExtensibilityGlobals) = postSolution
		SolutionGuid = {3DC0557F-C8F4-49D2-B99F-FBFA1A2C4549}
	EndGlobalSection
EndGlobal
